// !$*UTF8*$!
{
	archiveVersion = 1;
	classes = {
	};
	objectVersion = 45;
	objects = {

/* Begin PBXBuildFile section */
		2873032813990701006EC1E2 /* rsa.cpp in Sources */ = {isa = PBXBuildFile; fileRef = 2873032713990701006EC1E2 /* rsa.cpp */; };
		289354391398239B00EA40A0 /* trcrypt2.cpp in Sources */ = {isa = PBXBuildFile; fileRef = 289354381398239B00EA40A0 /* trcrypt2.cpp */; };
		289393DA1397DB310052AC2C /* DBMgr.cpp in Sources */ = {isa = PBXBuildFile; fileRef = 289393A71397DB310052AC2C /* DBMgr.cpp */; };
		289393DB1397DB310052AC2C /* main.cpp in Sources */ = {isa = PBXBuildFile; fileRef = 289393A81397DB310052AC2C /* main.cpp */; };
		289393DC1397DB310052AC2C /* ThreadUtils.cpp in Sources */ = {isa = PBXBuildFile; fileRef = 289393AA1397DB310052AC2C /* ThreadUtils.cpp */; };
		289393DD1397DB310052AC2C /* trconnection.cpp in Sources */ = {isa = PBXBuildFile; fileRef = 289393AB1397DB310052AC2C /* trconnection.cpp */; };
		289393DE1397DB310052AC2C /* server.cpp in Sources */ = {isa = PBXBuildFile; fileRef = 289393AD1397DB310052AC2C /* server.cpp */; };
		289393DF1397DB310052AC2C /* SessionMgr.cpp in Sources */ = {isa = PBXBuildFile; fileRef = 289393AE1397DB310052AC2C /* SessionMgr.cpp */; };
		289393E01397DB310052AC2C /* PacketBuffer.cpp in Sources */ = {isa = PBXBuildFile; fileRef = 289393B31397DB310052AC2C /* PacketBuffer.cpp */; };
		289393E11397DB310052AC2C /* GSMgr.cpp in Sources */ = {isa = PBXBuildFile; fileRef = 289393B41397DB310052AC2C /* GSMgr.cpp */; };
		289393E21397DB310052AC2C /* blowfish.cpp in Sources */ = {isa = PBXBuildFile; fileRef = 289393B81397DB310052AC2C /* blowfish.cpp */; };
		289393E31397DB310052AC2C /* serversocket.cpp in Sources */ = {isa = PBXBuildFile; fileRef = 289393BA1397DB310052AC2C /* serversocket.cpp */; };
		289393E41397DB310052AC2C /* socket.cpp in Sources */ = {isa = PBXBuildFile; fileRef = 289393BC1397DB310052AC2C /* socket.cpp */; };
		289393E51397DB310052AC2C /* connection.cpp in Sources */ = {isa = PBXBuildFile; fileRef = 289393BD1397DB310052AC2C /* connection.cpp */; };
		289393E61397DB310052AC2C /* crypto.cpp in Sources */ = {isa = PBXBuildFile; fileRef = 289393C51397DB310052AC2C /* crypto.cpp */; };
		289393E71397DB310052AC2C /* CryptManager.cpp in Sources */ = {isa = PBXBuildFile; fileRef = 289393C71397DB310052AC2C /* CryptManager.cpp */; };
		289393E81397DB310052AC2C /* log.cpp in Sources */ = {isa = PBXBuildFile; fileRef = 289393D01397DB310052AC2C /* log.cpp */; };
		289393E91397DB310052AC2C /* trcrypt.cpp in Sources */ = {isa = PBXBuildFile; fileRef = 289393D21397DB310052AC2C /* trcrypt.cpp */; };
		289393EA1397DB310052AC2C /* md5.cpp in Sources */ = {isa = PBXBuildFile; fileRef = 289393D41397DB310052AC2C /* md5.cpp */; };
		289393EB1397DB310052AC2C /* closeconnectionex.cpp in Sources */ = {isa = PBXBuildFile; fileRef = 289393D71397DB310052AC2C /* closeconnectionex.cpp */; };
		289393EC1397DB310052AC2C /* chatclient.cpp in Sources */ = {isa = PBXBuildFile; fileRef = 289393D81397DB310052AC2C /* chatclient.cpp */; };
		289393ED1397DB310052AC2C /* selector.cpp in Sources */ = {isa = PBXBuildFile; fileRef = 289393D91397DB310052AC2C /* selector.cpp */; };
		8DD76F6A0486A84900D96B5E /* tr-game-server.1 in CopyFiles */ = {isa = PBXBuildFile; fileRef = C6859E8B029090EE04C91782 /* tr-game-server.1 */; };
/* End PBXBuildFile section */

/* Begin PBXCopyFilesBuildPhase section */
		8DD76F690486A84900D96B5E /* CopyFiles */ = {
			isa = PBXCopyFilesBuildPhase;
			buildActionMask = 8;
			dstPath = /usr/share/man/man1/;
			dstSubfolderSpec = 0;
			files = (
				8DD76F6A0486A84900D96B5E /* tr-game-server.1 in CopyFiles */,
			);
			runOnlyForDeploymentPostprocessing = 1;
		};
/* End PBXCopyFilesBuildPhase section */

/* Begin PBXFileReference section */
		2873032613990701006EC1E2 /* rsa.h */ = {isa = PBXFileReference; fileEncoding = 4; lastKnownFileType = sourcecode.c.h; path = rsa.h; sourceTree = "<group>"; };
		2873032713990701006EC1E2 /* rsa.cpp */ = {isa = PBXFileReference; fileEncoding = 4; lastKnownFileType = sourcecode.cpp.cpp; path = rsa.cpp; sourceTree = "<group>"; };
		289354371398239B00EA40A0 /* trcrypt2.h */ = {isa = PBXFileReference; fileEncoding = 4; lastKnownFileType = sourcecode.c.h; path = trcrypt2.h; sourceTree = "<group>"; };
		289354381398239B00EA40A0 /* trcrypt2.cpp */ = {isa = PBXFileReference; fileEncoding = 4; lastKnownFileType = sourcecode.cpp.cpp; path = trcrypt2.cpp; sourceTree = "<group>"; };
		289393A61397DB310052AC2C /* SessionMgr.h */ = {isa = PBXFileReference; fileEncoding = 4; lastKnownFileType = sourcecode.c.h; path = SessionMgr.h; sourceTree = "<group>"; };
		289393A71397DB310052AC2C /* DBMgr.cpp */ = {isa = PBXFileReference; fileEncoding = 4; lastKnownFileType = sourcecode.cpp.cpp; path = DBMgr.cpp; sourceTree = "<group>"; };
		289393A81397DB310052AC2C /* main.cpp */ = {isa = PBXFileReference; fileEncoding = 4; lastKnownFileType = sourcecode.cpp.cpp; path = main.cpp; sourceTree = "<group>"; };
		289393A91397DB310052AC2C /* ThreadUtils.h */ = {isa = PBXFileReference; fileEncoding = 4; lastKnownFileType = sourcecode.c.h; path = ThreadUtils.h; sourceTree = "<group>"; };
		289393AA1397DB310052AC2C /* ThreadUtils.cpp */ = {isa = PBXFileReference; fileEncoding = 4; lastKnownFileType = sourcecode.cpp.cpp; path = ThreadUtils.cpp; sourceTree = "<group>"; };
		289393AB1397DB310052AC2C /* trconnection.cpp */ = {isa = PBXFileReference; fileEncoding = 4; lastKnownFileType = sourcecode.cpp.cpp; path = trconnection.cpp; sourceTree = "<group>"; };
		289393AC1397DB310052AC2C /* trconnection.h */ = {isa = PBXFileReference; fileEncoding = 4; lastKnownFileType = sourcecode.c.h; path = trconnection.h; sourceTree = "<group>"; };
		289393AD1397DB310052AC2C /* server.cpp */ = {isa = PBXFileReference; fileEncoding = 4; lastKnownFileType = sourcecode.cpp.cpp; path = server.cpp; sourceTree = "<group>"; };
		289393AE1397DB310052AC2C /* SessionMgr.cpp */ = {isa = PBXFileReference; fileEncoding = 4; lastKnownFileType = sourcecode.cpp.cpp; path = SessionMgr.cpp; sourceTree = "<group>"; };
		289393AF1397DB310052AC2C /* SMSG_GSHandoff.h */ = {isa = PBXFileReference; fileEncoding = 4; lastKnownFileType = sourcecode.c.h; path = SMSG_GSHandoff.h; sourceTree = "<group>"; };
		289393B01397DB310052AC2C /* authcodes.h */ = {isa = PBXFileReference; fileEncoding = 4; lastKnownFileType = sourcecode.c.h; path = authcodes.h; sourceTree = "<group>"; };
		289393B11397DB310052AC2C /* PacketBuffer.h */ = {isa = PBXFileReference; fileEncoding = 4; lastKnownFileType = sourcecode.c.h; path = PacketBuffer.h; sourceTree = "<group>"; };
		289393B21397DB310052AC2C /* GSMgr.h */ = {isa = PBXFileReference; fileEncoding = 4; lastKnownFileType = sourcecode.c.h; path = GSMgr.h; sourceTree = "<group>"; };
		289393B31397DB310052AC2C /* PacketBuffer.cpp */ = {isa = PBXFileReference; fileEncoding = 4; lastKnownFileType = sourcecode.cpp.cpp; path = PacketBuffer.cpp; sourceTree = "<group>"; };
		289393B41397DB310052AC2C /* GSMgr.cpp */ = {isa = PBXFileReference; fileEncoding = 4; lastKnownFileType = sourcecode.cpp.cpp; path = GSMgr.cpp; sourceTree = "<group>"; };
		289393B51397DB310052AC2C /* DBMgr.h */ = {isa = PBXFileReference; fileEncoding = 4; lastKnownFileType = sourcecode.c.h; path = DBMgr.h; sourceTree = "<group>"; };
		289393B61397DB310052AC2C /* types.h */ = {isa = PBXFileReference; fileEncoding = 4; lastKnownFileType = sourcecode.c.h; path = types.h; sourceTree = "<group>"; };
		289393B71397DB310052AC2C /* blowfish.h */ = {isa = PBXFileReference; fileEncoding = 4; lastKnownFileType = sourcecode.c.h; path = blowfish.h; sourceTree = "<group>"; };
		289393B81397DB310052AC2C /* blowfish.cpp */ = {isa = PBXFileReference; fileEncoding = 4; lastKnownFileType = sourcecode.cpp.cpp; path = blowfish.cpp; sourceTree = "<group>"; };
		289393B91397DB310052AC2C /* serversocket.h */ = {isa = PBXFileReference; fileEncoding = 4; lastKnownFileType = sourcecode.c.h; path = serversocket.h; sourceTree = "<group>"; };
		289393BA1397DB310052AC2C /* serversocket.cpp */ = {isa = PBXFileReference; fileEncoding = 4; lastKnownFileType = sourcecode.cpp.cpp; path = serversocket.cpp; sourceTree = "<group>"; };
		289393BB1397DB310052AC2C /* connection.h */ = {isa = PBXFileReference; fileEncoding = 4; lastKnownFileType = sourcecode.c.h; path = connection.h; sourceTree = "<group>"; };
		289393BC1397DB310052AC2C /* socket.cpp */ = {isa = PBXFileReference; fileEncoding = 4; lastKnownFileType = sourcecode.cpp.cpp; path = socket.cpp; sourceTree = "<group>"; };
		289393BD1397DB310052AC2C /* connection.cpp */ = {isa = PBXFileReference; fileEncoding = 4; lastKnownFileType = sourcecode.cpp.cpp; path = connection.cpp; sourceTree = "<group>"; };
		289393BE1397DB310052AC2C /* clientpacket.h */ = {isa = PBXFileReference; fileEncoding = 4; lastKnownFileType = sourcecode.c.h; path = clientpacket.h; sourceTree = "<group>"; };
		289393BF1397DB310052AC2C /* CMSG_AuthSelectServer.h */ = {isa = PBXFileReference; fileEncoding = 4; lastKnownFileType = sourcecode.c.h; path = CMSG_AuthSelectServer.h; sourceTree = "<group>"; };
		289393C01397DB310052AC2C /* basepacket.h */ = {isa = PBXFileReference; fileEncoding = 4; lastKnownFileType = sourcecode.c.h; path = basepacket.h; sourceTree = "<group>"; };
		289393C11397DB310052AC2C /* serverpacket.h */ = {isa = PBXFileReference; fileEncoding = 4; lastKnownFileType = sourcecode.c.h; path = serverpacket.h; sourceTree = "<group>"; };
		289393C21397DB310052AC2C /* SMSG_AuthServerList.h */ = {isa = PBXFileReference; fileEncoding = 4; lastKnownFileType = sourcecode.c.h; path = SMSG_AuthServerList.h; sourceTree = "<group>"; };
		289393C31397DB310052AC2C /* SMSG_AuthOk.h */ = {isa = PBXFileReference; fileEncoding = 4; lastKnownFileType = sourcecode.c.h; path = SMSG_AuthOk.h; sourceTree = "<group>"; };
		289393C41397DB310052AC2C /* CMSG_AuthLogin.h */ = {isa = PBXFileReference; fileEncoding = 4; lastKnownFileType = sourcecode.c.h; path = CMSG_AuthLogin.h; sourceTree = "<group>"; };
		289393C51397DB310052AC2C /* crypto.cpp */ = {isa = PBXFileReference; fileEncoding = 4; lastKnownFileType = sourcecode.cpp.cpp; path = crypto.cpp; sourceTree = "<group>"; };
		289393C61397DB310052AC2C /* crypto.h */ = {isa = PBXFileReference; fileEncoding = 4; lastKnownFileType = sourcecode.c.h; path = crypto.h; sourceTree = "<group>"; };
		289393C71397DB310052AC2C /* CryptManager.cpp */ = {isa = PBXFileReference; fileEncoding = 4; lastKnownFileType = sourcecode.cpp.cpp; path = CryptManager.cpp; sourceTree = "<group>"; };
		289393C81397DB310052AC2C /* CryptManager.h */ = {isa = PBXFileReference; fileEncoding = 4; lastKnownFileType = sourcecode.c.h; path = CryptManager.h; sourceTree = "<group>"; };
		289393C91397DB310052AC2C /* server.h */ = {isa = PBXFileReference; fileEncoding = 4; lastKnownFileType = sourcecode.c.h; path = server.h; sourceTree = "<group>"; };
		289393CA1397DB310052AC2C /* chatclient.h */ = {isa = PBXFileReference; fileEncoding = 4; lastKnownFileType = sourcecode.c.h; path = chatclient.h; sourceTree = "<group>"; };
		289393CB1397DB310052AC2C /* selector.h */ = {isa = PBXFileReference; fileEncoding = 4; lastKnownFileType = sourcecode.c.h; path = selector.h; sourceTree = "<group>"; };
		289393CC1397DB310052AC2C /* socket.h */ = {isa = PBXFileReference; fileEncoding = 4; lastKnownFileType = sourcecode.c.h; path = socket.h; sourceTree = "<group>"; };
		289393CD1397DB310052AC2C /* SMSG_AuthErrorAccountBlocked.h */ = {isa = PBXFileReference; fileEncoding = 4; lastKnownFileType = sourcecode.c.h; path = SMSG_AuthErrorAccountBlocked.h; sourceTree = "<group>"; };
		289393CE1397DB310052AC2C /* SMSG_HELLO.h */ = {isa = PBXFileReference; fileEncoding = 4; lastKnownFileType = sourcecode.c.h; path = SMSG_HELLO.h; sourceTree = "<group>"; };
		289393CF1397DB310052AC2C /* log.h */ = {isa = PBXFileReference; fileEncoding = 4; lastKnownFileType = sourcecode.c.h; path = log.h; sourceTree = "<group>"; };
		289393D01397DB310052AC2C /* log.cpp */ = {isa = PBXFileReference; fileEncoding = 4; lastKnownFileType = sourcecode.cpp.cpp; path = log.cpp; sourceTree = "<group>"; };
		289393D11397DB310052AC2C /* trcrypt.h */ = {isa = PBXFileReference; fileEncoding = 4; lastKnownFileType = sourcecode.c.h; path = trcrypt.h; sourceTree = "<group>"; };
		289393D21397DB310052AC2C /* trcrypt.cpp */ = {isa = PBXFileReference; fileEncoding = 4; lastKnownFileType = sourcecode.cpp.cpp; path = trcrypt.cpp; sourceTree = "<group>"; };
		289393D31397DB310052AC2C /* SMSG_AuthError.h */ = {isa = PBXFileReference; fileEncoding = 4; lastKnownFileType = sourcecode.c.h; path = SMSG_AuthError.h; sourceTree = "<group>"; };
		289393D41397DB310052AC2C /* md5.cpp */ = {isa = PBXFileReference; fileEncoding = 4; lastKnownFileType = sourcecode.cpp.cpp; path = md5.cpp; sourceTree = "<group>"; };
		289393D51397DB310052AC2C /* md5.h */ = {isa = PBXFileReference; fileEncoding = 4; lastKnownFileType = sourcecode.c.h; path = md5.h; sourceTree = "<group>"; };
		289393D61397DB310052AC2C /* closeconnectionex.h */ = {isa = PBXFileReference; fileEncoding = 4; lastKnownFileType = sourcecode.c.h; path = closeconnectionex.h; sourceTree = "<group>"; };
		289393D71397DB310052AC2C /* closeconnectionex.cpp */ = {isa = PBXFileReference; fileEncoding = 4; lastKnownFileType = sourcecode.cpp.cpp; path = closeconnectionex.cpp; sourceTree = "<group>"; };
		289393D81397DB310052AC2C /* chatclient.cpp */ = {isa = PBXFileReference; fileEncoding = 4; lastKnownFileType = sourcecode.cpp.cpp; path = chatclient.cpp; sourceTree = "<group>"; };
		289393D91397DB310052AC2C /* selector.cpp */ = {isa = PBXFileReference; fileEncoding = 4; lastKnownFileType = sourcecode.cpp.cpp; path = selector.cpp; sourceTree = "<group>"; };
		8DD76F6C0486A84900D96B5E /* tr-game-server */ = {isa = PBXFileReference; explicitFileType = "compiled.mach-o.executable"; includeInIndex = 0; path = "tr-game-server"; sourceTree = BUILT_PRODUCTS_DIR; };
		C6859E8B029090EE04C91782 /* tr-game-server.1 */ = {isa = PBXFileReference; lastKnownFileType = text.man; path = "tr-game-server.1"; sourceTree = "<group>"; };
/* End PBXFileReference section */

/* Begin PBXFrameworksBuildPhase section */
		8DD76F660486A84900D96B5E /* Frameworks */ = {
			isa = PBXFrameworksBuildPhase;
			buildActionMask = 2147483647;
			files = (
			);
			runOnlyForDeploymentPostprocessing = 0;
		};
/* End PBXFrameworksBuildPhase section */

/* Begin PBXGroup section */
		08FB7794FE84155DC02AAC07 /* tr-game-server */ = {
			isa = PBXGroup;
			children = (
				08FB7795FE84155DC02AAC07 /* Source */,
				C6859E8C029090F304C91782 /* Documentation */,
				1AB674ADFE9D54B511CA2CBB /* Products */,
			);
			name = "tr-game-server";
			sourceTree = "<group>";
		};
		08FB7795FE84155DC02AAC07 /* Source */ = {
			isa = PBXGroup;
			children = (
				289393A81397DB310052AC2C /* main.cpp */,
				289393F71397DC0E0052AC2C /* network */,
				289393F61397DBFD0052AC2C /* util */,
				289393F51397DBDE0052AC2C /* crypto */,
			);
			name = Source;
			sourceTree = "<group>";
		};
		1AB674ADFE9D54B511CA2CBB /* Products */ = {
			isa = PBXGroup;
			children = (
				8DD76F6C0486A84900D96B5E /* tr-game-server */,
			);
			name = Products;
			sourceTree = "<group>";
		};
		289393F51397DBDE0052AC2C /* crypto */ = {
			isa = PBXGroup;
			children = (
				289393B71397DB310052AC2C /* blowfish.h */,
				289393B81397DB310052AC2C /* blowfish.cpp */,
				289393C51397DB310052AC2C /* crypto.cpp */,
				289393C61397DB310052AC2C /* crypto.h */,
				289393C71397DB310052AC2C /* CryptManager.cpp */,
				289393C81397DB310052AC2C /* CryptManager.h */,
				289393D11397DB310052AC2C /* trcrypt.h */,
				289393D21397DB310052AC2C /* trcrypt.cpp */,
				289393D41397DB310052AC2C /* md5.cpp */,
				289393D51397DB310052AC2C /* md5.h */,
				289354371398239B00EA40A0 /* trcrypt2.h */,
				289354381398239B00EA40A0 /* trcrypt2.cpp */,
				2873032613990701006EC1E2 /* rsa.h */,
				2873032713990701006EC1E2 /* rsa.cpp */,
			);
			name = crypto;
			sourceTree = "<group>";
		};
		289393F61397DBFD0052AC2C /* util */ = {
			isa = PBXGroup;
			children = (
				289393A71397DB310052AC2C /* DBMgr.cpp */,
				289393A91397DB310052AC2C /* ThreadUtils.h */,
				289393AA1397DB310052AC2C /* ThreadUtils.cpp */,
				289393B51397DB310052AC2C /* DBMgr.h */,
				289393B61397DB310052AC2C /* types.h */,
				289393CF1397DB310052AC2C /* log.h */,
				289393D01397DB310052AC2C /* log.cpp */,
			);
			name = util;
			sourceTree = "<group>";
		};
		289393F71397DC0E0052AC2C /* network */ = {
			isa = PBXGroup;
			children = (
				289393F81397DC300052AC2C /* packet */,
				289393A61397DB310052AC2C /* SessionMgr.h */,
				289393AB1397DB310052AC2C /* trconnection.cpp */,
				289393AC1397DB310052AC2C /* trconnection.h */,
				289393AD1397DB310052AC2C /* server.cpp */,
				289393AE1397DB310052AC2C /* SessionMgr.cpp */,
				289393B21397DB310052AC2C /* GSMgr.h */,
				289393B41397DB310052AC2C /* GSMgr.cpp */,
				289393B91397DB310052AC2C /* serversocket.h */,
				289393BA1397DB310052AC2C /* serversocket.cpp */,
				289393BB1397DB310052AC2C /* connection.h */,
				289393BC1397DB310052AC2C /* socket.cpp */,
				289393BD1397DB310052AC2C /* connection.cpp */,
				289393C91397DB310052AC2C /* server.h */,
				289393CA1397DB310052AC2C /* chatclient.h */,
				289393CB1397DB310052AC2C /* selector.h */,
				289393CC1397DB310052AC2C /* socket.h */,
				289393D61397DB310052AC2C /* closeconnectionex.h */,
				289393D71397DB310052AC2C /* closeconnectionex.cpp */,
				289393D81397DB310052AC2C /* chatclient.cpp */,
				289393D91397DB310052AC2C /* selector.cpp */,
			);
			name = network;
			sourceTree = "<group>";
		};
		289393F81397DC300052AC2C /* packet */ = {
			isa = PBXGroup;
			children = (
				289393FA1397DC560052AC2C /* client */,
				289393F91397DC4D0052AC2C /* server */,
				289393B01397DB310052AC2C /* authcodes.h */,
				289393B11397DB310052AC2C /* PacketBuffer.h */,
				289393B31397DB310052AC2C /* PacketBuffer.cpp */,
				289393BE1397DB310052AC2C /* clientpacket.h */,
				289393C01397DB310052AC2C /* basepacket.h */,
				289393C11397DB310052AC2C /* serverpacket.h */,
			);
			name = packet;
			sourceTree = "<group>";
		};
		289393F91397DC4D0052AC2C /* server */ = {
			isa = PBXGroup;
			children = (
				289393AF1397DB310052AC2C /* SMSG_GSHandoff.h */,
				289393C21397DB310052AC2C /* SMSG_AuthServerList.h */,
				289393C31397DB310052AC2C /* SMSG_AuthOk.h */,
				289393CD1397DB310052AC2C /* SMSG_AuthErrorAccountBlocked.h */,
				289393CE1397DB310052AC2C /* SMSG_HELLO.h */,
				289393D31397DB310052AC2C /* SMSG_AuthError.h */,
			);
			name = server;
			sourceTree = "<group>";
		};
		289393FA1397DC560052AC2C /* client */ = {
			isa = PBXGroup;
			children = (
				289393BF1397DB310052AC2C /* CMSG_AuthSelectServer.h */,
				289393C41397DB310052AC2C /* CMSG_AuthLogin.h */,
			);
			name = client;
			sourceTree = "<group>";
		};
		C6859E8C029090F304C91782 /* Documentation */ = {
			isa = PBXGroup;
			children = (
				C6859E8B029090EE04C91782 /* tr-game-server.1 */,
			);
			name = Documentation;
			sourceTree = "<group>";
		};
/* End PBXGroup section */

/* Begin PBXNativeTarget section */
		8DD76F620486A84900D96B5E /* tr-game-server */ = {
			isa = PBXNativeTarget;
			buildConfigurationList = 1DEB923108733DC60010E9CD /* Build configuration list for PBXNativeTarget "tr-game-server" */;
			buildPhases = (
				8DD76F640486A84900D96B5E /* Sources */,
				8DD76F660486A84900D96B5E /* Frameworks */,
				8DD76F690486A84900D96B5E /* CopyFiles */,
			);
			buildRules = (
			);
			dependencies = (
			);
			name = "tr-game-server";
			productInstallPath = "$(HOME)/bin";
			productName = "tr-game-server";
			productReference = 8DD76F6C0486A84900D96B5E /* tr-game-server */;
			productType = "com.apple.product-type.tool";
		};
/* End PBXNativeTarget section */

/* Begin PBXProject section */
		08FB7793FE84155DC02AAC07 /* Project object */ = {
			isa = PBXProject;
			buildConfigurationList = 1DEB923508733DC60010E9CD /* Build configuration list for PBXProject "tr-game-server" */;
			compatibilityVersion = "Xcode 3.1";
			developmentRegion = English;
			hasScannedForEncodings = 1;
			knownRegions = (
				English,
				Japanese,
				French,
				German,
			);
			mainGroup = 08FB7794FE84155DC02AAC07 /* tr-game-server */;
			projectDirPath = "";
			projectRoot = "";
			targets = (
				8DD76F620486A84900D96B5E /* tr-game-server */,
			);
		};
/* End PBXProject section */

/* Begin PBXSourcesBuildPhase section */
		8DD76F640486A84900D96B5E /* Sources */ = {
			isa = PBXSourcesBuildPhase;
			buildActionMask = 2147483647;
			files = (
				289393DA1397DB310052AC2C /* DBMgr.cpp in Sources */,
				289393DB1397DB310052AC2C /* main.cpp in Sources */,
				289393DC1397DB310052AC2C /* ThreadUtils.cpp in Sources */,
				289393DD1397DB310052AC2C /* trconnection.cpp in Sources */,
				289393DE1397DB310052AC2C /* server.cpp in Sources */,
				289393DF1397DB310052AC2C /* SessionMgr.cpp in Sources */,
				289393E01397DB310052AC2C /* PacketBuffer.cpp in Sources */,
				289393E11397DB310052AC2C /* GSMgr.cpp in Sources */,
				289393E21397DB310052AC2C /* blowfish.cpp in Sources */,
				289393E31397DB310052AC2C /* serversocket.cpp in Sources */,
				289393E41397DB310052AC2C /* socket.cpp in Sources */,
				289393E51397DB310052AC2C /* connection.cpp in Sources */,
				289393E61397DB310052AC2C /* crypto.cpp in Sources */,
				289393E71397DB310052AC2C /* CryptManager.cpp in Sources */,
				289393E81397DB310052AC2C /* log.cpp in Sources */,
				289393E91397DB310052AC2C /* trcrypt.cpp in Sources */,
				289393EA1397DB310052AC2C /* md5.cpp in Sources */,
				289393EB1397DB310052AC2C /* closeconnectionex.cpp in Sources */,
				289393EC1397DB310052AC2C /* chatclient.cpp in Sources */,
				289393ED1397DB310052AC2C /* selector.cpp in Sources */,
				289354391398239B00EA40A0 /* trcrypt2.cpp in Sources */,
				2873032813990701006EC1E2 /* rsa.cpp in Sources */,
			);
			runOnlyForDeploymentPostprocessing = 0;
		};
/* End PBXSourcesBuildPhase section */

/* Begin XCBuildConfiguration section */
		1DEB923208733DC60010E9CD /* Debug */ = {
			isa = XCBuildConfiguration;
			buildSettings = {
				ALWAYS_SEARCH_USER_PATHS = NO;
				COPY_PHASE_STRIP = NO;
				GCC_DYNAMIC_NO_PIC = NO;
				GCC_ENABLE_FIX_AND_CONTINUE = YES;
				GCC_MODEL_TUNING = G5;
				GCC_OPTIMIZATION_LEVEL = 0;
				INSTALL_PATH = /usr/local/bin;
				PRODUCT_NAME = "tr-game-server";
			};
			name = Debug;
		};
		1DEB923308733DC60010E9CD /* Release */ = {
			isa = XCBuildConfiguration;
			buildSettings = {
				ALWAYS_SEARCH_USER_PATHS = NO;
				DEBUG_INFORMATION_FORMAT = "dwarf-with-dsym";
				GCC_MODEL_TUNING = G5;
				INSTALL_PATH = /usr/local/bin;
				PRODUCT_NAME = "tr-game-server";
			};
			name = Release;
		};
		1DEB923608733DC60010E9CD /* Debug */ = {
			isa = XCBuildConfiguration;
			buildSettings = {
				ARCHS = "$(ARCHS_STANDARD_32_64_BIT)";
				GCC_C_LANGUAGE_STANDARD = gnu99;
				GCC_OPTIMIZATION_LEVEL = 0;
				GCC_WARN_ABOUT_RETURN_TYPE = YES;
				GCC_WARN_UNUSED_VARIABLE = YES;
				HEADER_SEARCH_PATHS = (
					/usr/include/openssl/,
					/usr/local/mysql/include/,
				);
				LIBRARY_SEARCH_PATHS = (
					/usr/lib/,
					/usr/local/mysql/lib/,
				);
				ONLY_ACTIVE_ARCH = YES;
				OTHER_LDFLAGS = (
					"-lssl",
					"-lcrypto",
					"-lz",
					"-lm",
					"-lmysqlclient",
				);
				PREBINDING = NO;
				SDKROOT = macosx10.6;
			};
			name = Debug;
		};
		1DEB923708733DC60010E9CD /* Release */ = {
			isa = XCBuildConfiguration;
			buildSettings = {
				ARCHS = "$(ARCHS_STANDARD_32_64_BIT)";
				GCC_C_LANGUAGE_STANDARD = gnu99;
				GCC_WARN_ABOUT_RETURN_TYPE = YES;
				GCC_WARN_UNUSED_VARIABLE = YES;
				HEADER_SEARCH_PATHS = (
					/usr/include/openssl/,
					/usr/local/mysql/include/,
				);
				LIBRARY_SEARCH_PATHS = (
					/usr/lib/,
					/usr/local/mysql/lib/,
				);
				OTHER_LDFLAGS = (
					"-lssl",
					"-lcrypto",
					"-lz",
					"-lm",
					"-lmysqlclient",
				);
				PREBINDING = NO;
				SDKROOT = macosx10.6;
			};
			name = Release;
		};
/* End XCBuildConfiguration section */

/* Begin XCConfigurationList section */
		1DEB923108733DC60010E9CD /* Build configuration list for PBXNativeTarget "tr-game-server" */ = {
			isa = XCConfigurationList;
			buildConfigurations = (
				1DEB923208733DC60010E9CD /* Debug */,
				1DEB923308733DC60010E9CD /* Release */,
			);
			defaultConfigurationIsVisible = 0;
			defaultConfigurationName = Release;
		};
		1DEB923508733DC60010E9CD /* Build configuration list for PBXProject "tr-game-server" */ = {
			isa = XCConfigurationList;
			buildConfigurations = (
				1DEB923608733DC60010E9CD /* Debug */,
				1DEB923708733DC60010E9CD /* Release */,
			);
			defaultConfigurationIsVisible = 0;
			defaultConfigurationName = Release;
		};
/* End XCConfigurationList section */
	};
	rootObject = 08FB7793FE84155DC02AAC07 /* Project object */;
}
